
Microsoft Visual Studio Solution File, Format Version 12.00
# Visual Studio Version 18
VisualStudioVersion = 18.1.11312.151
MinimumVisualStudioVersion = 10.0.40219.1
Project("{FAE04EC0-301F-11D3-BF4B-00C04F79EFBC}") = "AICareerCoach.API", "AICareerCoach.API\AICareerCoach.API.csproj", "{6B3A0D0D-CEFB-4314-89A4-B0765C0A3673}"
EndProject
Project("{FAE04EC0-301F-11D3-BF4B-00C04F79EFBC}") = "AICareerCoach.BLL", "AICareerCoach.BLL\AICareerCoach.BLL.csproj", "{F7ABF728-2B9B-4AD5-B523-CDC385786DB6}"
EndProject
Project("{FAE04EC0-301F-11D3-BF4B-00C04F79EFBC}") = "AICareerCoach.DAL", "AICareerCoach.DAL\AICareerCoach.DAL.csproj", "{1E150872-2A64-40C1-9039-1D979BCCEB8F}"
EndProject
Project("{2150E333-8FDC-42A3-9474-1A3956D46DE8}") = "Solution Items", "Solution Items", "{8EC462FD-D22E-90A8-E5CE-7E832BA40C5D}"
	ProjectSection(SolutionItems) = preProject
		.editorconfig = .editorconfig
		.gitignore = .gitignore
	EndProjectSection
EndProject
Global
	GlobalSection(SolutionConfigurationPlatforms) = preSolution
		Debug|Any CPU = Debug|Any CPU
		Release|Any CPU = Release|Any CPU
	EndGlobalSection
	GlobalSection(ProjectConfigurationPlatforms) = postSolution
		{6B3A0D0D-CEFB-4314-89A4-B0765C0A3673}.Debug|Any CPU.ActiveCfg = Debug|Any CPU
		{6B3A0D0D-CEFB-4314-89A4-B0765C0A3673}.Debug|Any CPU.Build.0 = Debug|Any CPU
		{6B3A0D0D-CEFB-4314-89A4-B0765C0A3673}.Release|Any CPU.ActiveCfg = Release|Any CPU
		{6B3A0D0D-CEFB-4314-89A4-B0765C0A3673}.Release|Any CPU.Build.0 = Release|Any CPU
		{F7ABF728-2B9B-4AD5-B523-CDC385786DB6}.Debug|Any CPU.ActiveCfg = Debug|Any CPU
		{F7ABF728-2B9B-4AD5-B523-CDC385786DB6}.Debug|Any CPU.Build.0 = Debug|Any CPU
		{F7ABF728-2B9B-4AD5-B523-CDC385786DB6}.Release|Any CPU.ActiveCfg = Release|Any CPU
		{F7ABF728-2B9B-4AD5-B523-CDC385786DB6}.Release|Any CPU.Build.0 = Release|Any CPU
		{1E150872-2A64-40C1-9039-1D979BCCEB8F}.Debug|Any CPU.ActiveCfg = Debug|Any CPU
		{1E150872-2A64-40C1-9039-1D979BCCEB8F}.Debug|Any CPU.Build.0 = Debug|Any CPU
		{1E150872-2A64-40C1-9039-1D979BCCEB8F}.Release|Any CPU.ActiveCfg = Release|Any CPU
		{1E150872-2A64-40C1-9039-1D979BCCEB8F}.Release|Any CPU.Build.0 = Release|Any CPU
	EndGlobalSection
	GlobalSection(SolutionProperties) = preSolution
		HideSolutionNode = FALSE
	EndGlobalSection
	GlobalSection(ExtensibilityGlobals) = postSolution
		SolutionGuid = {E14A0B64-28F2-46AC-9B4C-7E27CE1460EB}
	EndGlobalSection
EndGlobal
